PODS:
  - Flutter (1.0.0)
  - location (0.0.1):
    - Flutter
  - optimove_flutter (3.3.0):
    - Flutter
    - OptimoveCore (~> 6.2.0)
    - OptimoveSDK (~> 6.2.0)
  - OptimoveCore (6.2.0)
  - OptimoveNotificationServiceExtension (6.2.0)
  - OptimoveSDK (6.2.0):
    - OptimoveCore (= 6.2.0)

DEPENDENCIES:
  - Flutter (from `Flutter`)
  - location (from `.symlinks/plugins/location/ios`)
  - optimove_flutter (from `.symlinks/plugins/optimove_flutter/ios`)
  - OptimoveNotificationServiceExtension (~> 6.2.0)

SPEC REPOS:
  trunk:
    - OptimoveCore
    - OptimoveNotificationServiceExtension
    - OptimoveSDK

EXTERNAL SOURCES:
  Flutter:
    :path: Flutter
  location:
    :path: ".symlinks/plugins/location/ios"
  optimove_flutter:
    :path: ".symlinks/plugins/optimove_flutter/ios"

SPEC CHECKSUMS:
  Flutter: e0871f40cf51350855a761d2e70bf5af5b9b5de7
  location: 3a2eed4dd2fab25e7b7baf2a9efefe82b512d740
  optimove_flutter: 1381ad0fb21e1f89b7b2f065101711d7a4524554
  OptimoveCore: 0031e0d2e3f5d05dc98079aeb10ed0417bb7094f
  OptimoveNotificationServiceExtension: e98b38c8959a3c370b90f13702cd9376fbd5b6da
  OptimoveSDK: 4934243689ab893e6eae126a79c71574dd62279a

PODFILE CHECKSUM: b4b96110d1a9b4c828c389b6a002ecab3cd3640e

COCOAPODS: 1.16.2
