PODS:
  - Flutter (1.0.0)
  - optimove_flutter (2.0.0):
    - Flutter
    - OptimoveCore (= 5.1.1)
    - OptimoveSDK (= 5.1.1)
  - OptimoveCore (5.1.1)
  - OptimoveNotificationServiceExtension (5.1.1)
  - OptimoveSDK (5.1.1):
    - OptimoveCore (= 5.1.1)

DEPENDENCIES:
  - Flutter (from `Flutter`)
  - optimove_flutter (from `.symlinks/plugins/optimove_flutter/ios`)
  - OptimoveNotificationServiceExtension (~> 5.1.1)

SPEC REPOS:
  trunk:
    - OptimoveCore
    - OptimoveNotificationServiceExtension
    - OptimoveSDK

EXTERNAL SOURCES:
  Flutter:
    :path: Flutter
  optimove_flutter:
    :path: ".symlinks/plugins/optimove_flutter/ios"

SPEC CHECKSUMS:
  Flutter: 50d75fe2f02b26cc09d224853bb45737f8b3214a
  optimove_flutter: 2a8b99b185d47a6119774f82f4ba48eb42e171c3
  OptimoveCore: 491a1609941a2a713a52c7783538967ae787cadf
  OptimoveNotificationServiceExtension: 209c7244d7a3eaf947893cbd8f03f46225f96dca
  OptimoveSDK: 07b78a51c7aa92ac04342389813744038f328559

PODFILE CHECKSUM: 37e56079f9de013e2e7ba7431df7aa6d70dea9e4

COCOAPODS: 1.11.3
